<?xml version="1.0" encoding="utf-8"?>
<Project ToolsVersion="4.0" xmlns="http://schemas.microsoft.com/developer/msbuild/2003">
  <ItemGroup>
    <Filter Include="リソース ファイル">
      <UniqueIdentifier>{67DA6AB6-F800-4c08-8B7A-83BB121AAD01}</UniqueIdentifier>
      <Extensions>rc;ico;cur;bmp;dlg;rc2;rct;bin;rgs;gif;jpg;jpeg;jpe;resx;tiff;tif;png;wav;mfcribbon-ms</Extensions>
    </Filter>
    <Filter Include="source">
      <UniqueIdentifier>{93995380-89BD-4b04-88EB-625FBE52EBFB}</UniqueIdentifier>
      <Extensions>h;hh;hpp;hxx;h++;hm;inl;inc;ipp;xsd</Extensions>
    </Filter>
    <Filter Include="source\concepts">
      <UniqueIdentifier>{3784159b-3898-4e31-b263-4a9ec78b5738}</UniqueIdentifier>
    </Filter>
    <Filter Include="source\detection">
      <UniqueIdentifier>{07f6e2d7-1369-442d-8787-751baa569528}</UniqueIdentifier>
    </Filter>
  </ItemGroup>
  <ItemGroup>
    <ClInclude Include="collition_detection.hpp">
      <Filter>source</Filter>
    </ClInclude>
    <ClInclude Include="calc.hpp">
      <Filter>source</Filter>
    </ClInclude>
  </ItemGroup>
  <ItemGroup>
    <ClCompile Include="collision_detection.cpp">
      <Filter>source</Filter>
    </ClCompile>
    <ClCompile Include="calc.cpp">
      <Filter>source</Filter>
    </ClCompile>
  </ItemGroup>
</Project>